
Microsoft Visual Studio Solution File, Format Version 11.00
# Visual Studio 2010
Project("{8BC9CEB8-8B4A-11D0-8D11-00A0C91BC942}") = "lab3.3", "lab3.3\lab3.3.vcxproj", "{EE06FEA0-C200-440E-9AAD-946F9B36761F}"
EndProject
Global
	GlobalSection(SolutionConfigurationPlatforms) = preSolution
		Debug|Win32 = Debug|Win32
		Release|Win32 = Release|Win32
	EndGlobalSection
	GlobalSection(ProjectConfigurationPlatforms) = postSolution
		{EE06FEA0-C200-440E-9AAD-946F9B36761F}.Debug|Win32.ActiveCfg = Debug|Win32
		{EE06FEA0-C200-440E-9AAD-946F9B36761F}.Debug|Win32.Build.0 = Debug|Win32
		{EE06FEA0-C200-440E-9AAD-946F9B36761F}.Release|Win32.ActiveCfg = Release|Win32
		{EE06FEA0-C200-440E-9AAD-946F9B36761F}.Release|Win32.Build.0 = Release|Win32
	EndGlobalSection
	GlobalSection(SolutionProperties) = preSolution
		HideSolutionNode = FALSE
	EndGlobalSection
EndGlobal
